
Microsoft Visual Studio Solution File, Format Version 12.00
# Visual Studio Version 17
VisualStudioVersion = 17.0.32112.339
MinimumVisualStudioVersion = 10.0.40219.1
Project("{9A19103F-16F7-4668-BE54-9A1E7A4F7556}") = "MusicBrainz.Tools", "MusicBrainz.Tools\MusicBrainz.Tools.csproj", "{BA366C03-5F24-4EC1-85F0-647662AE32D5}"
EndProject
Project("{9A19103F-16F7-4668-BE54-9A1E7A4F7556}") = "MusicBrainz.Common", "MusicBrainz.Common\MusicBrainz.Common.csproj", "{878ED622-F12F-4E19-AC5C-14F610F2128E}"
EndProject
Project("{9A19103F-16F7-4668-BE54-9A1E7A4F7556}") = "MusicBrainz.Tests", "MusicBrainz.Tests\MusicBrainz.Tests.csproj", "{A2257759-1C06-4BEB-806F-25E366EF3D44}"
EndProject
Project("{9A19103F-16F7-4668-BE54-9A1E7A4F7556}") = "MusicBrainz.BLL", "MusicBrainz.BLL\MusicBrainz.BLL.csproj", "{C2C01EB7-646B-4E22-B78F-E943C88C7F6B}"
EndProject
Project("{9A19103F-16F7-4668-BE54-9A1E7A4F7556}") = "MusicBrainz.DAL", "MusicBrainz.DAL\MusicBrainz.DAL.csproj", "{6EA3372C-1530-4103-B914-618E42B96027}"
EndProject
Project("{9A19103F-16F7-4668-BE54-9A1E7A4F7556}") = "MusicBrainz.ConsoleUI", "MusicBrainz.ConsoleUI\MusicBrainz.ConsoleUI.csproj", "{CC7A814C-8E17-4597-A87F-8299D755D85F}"
EndProject
Global
	GlobalSection(SolutionConfigurationPlatforms) = preSolution
		Debug|Any CPU = Debug|Any CPU
		Release|Any CPU = Release|Any CPU
	EndGlobalSection
	GlobalSection(ProjectConfigurationPlatforms) = postSolution
		{BA366C03-5F24-4EC1-85F0-647662AE32D5}.Debug|Any CPU.ActiveCfg = Debug|Any CPU
		{BA366C03-5F24-4EC1-85F0-647662AE32D5}.Debug|Any CPU.Build.0 = Debug|Any CPU
		{BA366C03-5F24-4EC1-85F0-647662AE32D5}.Release|Any CPU.ActiveCfg = Release|Any CPU
		{BA366C03-5F24-4EC1-85F0-647662AE32D5}.Release|Any CPU.Build.0 = Release|Any CPU
		{878ED622-F12F-4E19-AC5C-14F610F2128E}.Debug|Any CPU.ActiveCfg = Debug|Any CPU
		{878ED622-F12F-4E19-AC5C-14F610F2128E}.Debug|Any CPU.Build.0 = Debug|Any CPU
		{878ED622-F12F-4E19-AC5C-14F610F2128E}.Release|Any CPU.ActiveCfg = Release|Any CPU
		{878ED622-F12F-4E19-AC5C-14F610F2128E}.Release|Any CPU.Build.0 = Release|Any CPU
		{A2257759-1C06-4BEB-806F-25E366EF3D44}.Debug|Any CPU.ActiveCfg = Debug|Any CPU
		{A2257759-1C06-4BEB-806F-25E366EF3D44}.Debug|Any CPU.Build.0 = Debug|Any CPU
		{A2257759-1C06-4BEB-806F-25E366EF3D44}.Release|Any CPU.ActiveCfg = Release|Any CPU
		{A2257759-1C06-4BEB-806F-25E366EF3D44}.Release|Any CPU.Build.0 = Release|Any CPU
		{C2C01EB7-646B-4E22-B78F-E943C88C7F6B}.Debug|Any CPU.ActiveCfg = Debug|Any CPU
		{C2C01EB7-646B-4E22-B78F-E943C88C7F6B}.Debug|Any CPU.Build.0 = Debug|Any CPU
		{C2C01EB7-646B-4E22-B78F-E943C88C7F6B}.Release|Any CPU.ActiveCfg = Release|Any CPU
		{C2C01EB7-646B-4E22-B78F-E943C88C7F6B}.Release|Any CPU.Build.0 = Release|Any CPU
		{6EA3372C-1530-4103-B914-618E42B96027}.Debug|Any CPU.ActiveCfg = Debug|Any CPU
		{6EA3372C-1530-4103-B914-618E42B96027}.Debug|Any CPU.Build.0 = Debug|Any CPU
		{6EA3372C-1530-4103-B914-618E42B96027}.Release|Any CPU.ActiveCfg = Release|Any CPU
		{6EA3372C-1530-4103-B914-618E42B96027}.Release|Any CPU.Build.0 = Release|Any CPU
		{CC7A814C-8E17-4597-A87F-8299D755D85F}.Debug|Any CPU.ActiveCfg = Debug|Any CPU
		{CC7A814C-8E17-4597-A87F-8299D755D85F}.Debug|Any CPU.Build.0 = Debug|Any CPU
		{CC7A814C-8E17-4597-A87F-8299D755D85F}.Release|Any CPU.ActiveCfg = Release|Any CPU
		{CC7A814C-8E17-4597-A87F-8299D755D85F}.Release|Any CPU.Build.0 = Release|Any CPU
	EndGlobalSection
	GlobalSection(SolutionProperties) = preSolution
		HideSolutionNode = FALSE
	EndGlobalSection
	GlobalSection(ExtensibilityGlobals) = postSolution
		SolutionGuid = {8B958E02-DAB8-443D-A8CC-751BA4E55F71}
	EndGlobalSection
EndGlobal
